PODS:
  - Masonry (1.1.0)
  - SDWebImage (5.8.1):
    - SDWebImage/Core (= 5.8.1)
  - SDWebImage/Core (5.8.1)
  - UseFulUIKit (0.1.0):
    - UseFulUIKit/baseCells (= 0.1.0)
    - UseFulUIKit/basicDepand (= 0.1.0)
    - UseFulUIKit/MDCycleScrollow (= 0.1.0)
    - UseFulUIKit/MDGuidePageView (= 0.1.0)
    - UseFulUIKit/Nocrash (= 0.1.0)
    - UseFulUIKit/Toast (= 0.1.0)
    - UseFulUIKit/UICommon (= 0.1.0)
    - "UseFulUIKit/UIView+Extension (= 0.1.0)"
    - UseFulUIKit/WKWebView (= 0.1.0)
  - UseFulUIKit/baseCells (0.1.0):
    - UseFulUIKit/UICommon
  - UseFulUIKit/basicDepand (0.1.0):
    - UseFulUIKit/UICommon
    - "UseFulUIKit/UIView+Extension"
  - UseFulUIKit/MDCycleScrollow (0.1.0):
    - SDWebImage
    - UseFulUIKit/UICommon
  - UseFulUIKit/MDGuidePageView (0.1.0)
  - UseFulUIKit/Nocrash (0.1.0)
  - UseFulUIKit/Toast (0.1.0)
  - UseFulUIKit/UICommon (0.1.0):
    - UseFulUIKit/Nocrash
  - "UseFulUIKit/UIView+Extension (0.1.0)":
    - UseFulUIKit/UICommon
    - YYCategories (~> 1.0.4)
  - UseFulUIKit/WKWebView (0.1.0):
    - Masonry
  - YYCategories (1.0.4):
    - YYCategories/no-arc (= 1.0.4)
  - YYCategories/no-arc (1.0.4)

DEPENDENCIES:
  - UseFulUIKit (from `../`)

SPEC REPOS:
  trunk:
    - Masonry
    - SDWebImage
    - YYCategories

EXTERNAL SOURCES:
  UseFulUIKit:
    :path: "../"

SPEC CHECKSUMS:
  Masonry: 678fab65091a9290e40e2832a55e7ab731aad201
  SDWebImage: e3eae2eda88578db0685a0c88597fdadd9433f05
  UseFulUIKit: 3915fe179973a3ef0c01d1de5a29764d487dccfd
  YYCategories: 6bcd4314c6661a561410dce4a793379ebd306abd

PODFILE CHECKSUM: 6cf52e3ccbcb9f1e33a8f64a310cb247607d223c

COCOAPODS: 1.8.4
